
Microsoft Visual Studio Solution File, Format Version 12.00
# Visual Studio 15
VisualStudioVersion = 15.0.26730.8
MinimumVisualStudioVersion = 10.0.40219.1
Project("{FAE04EC0-301F-11D3-BF4B-00C04F79EFBC}") = "NotificationMartinFowler.Prompt", "NotificationMartinFowler.Prompt\NotificationMartinFowler.Prompt.csproj", "{575EB410-DED3-4BEF-A233-98A5915056A2}"
EndProject
Project("{FAE04EC0-301F-11D3-BF4B-00C04F79EFBC}") = "NotificationMartinFowler.Domain", "NotificationMartinFowler.Domain\NotificationMartinFowler.Domain.csproj", "{2E84A86C-3658-4AE4-BB3C-DD0721841043}"
EndProject
Global
	GlobalSection(SolutionConfigurationPlatforms) = preSolution
		Debug|Any CPU = Debug|Any CPU
		Release|Any CPU = Release|Any CPU
	EndGlobalSection
	GlobalSection(ProjectConfigurationPlatforms) = postSolution
		{575EB410-DED3-4BEF-A233-98A5915056A2}.Debug|Any CPU.ActiveCfg = Debug|Any CPU
		{575EB410-DED3-4BEF-A233-98A5915056A2}.Debug|Any CPU.Build.0 = Debug|Any CPU
		{575EB410-DED3-4BEF-A233-98A5915056A2}.Release|Any CPU.ActiveCfg = Release|Any CPU
		{575EB410-DED3-4BEF-A233-98A5915056A2}.Release|Any CPU.Build.0 = Release|Any CPU
		{2E84A86C-3658-4AE4-BB3C-DD0721841043}.Debug|Any CPU.ActiveCfg = Debug|Any CPU
		{2E84A86C-3658-4AE4-BB3C-DD0721841043}.Debug|Any CPU.Build.0 = Debug|Any CPU
		{2E84A86C-3658-4AE4-BB3C-DD0721841043}.Release|Any CPU.ActiveCfg = Release|Any CPU
		{2E84A86C-3658-4AE4-BB3C-DD0721841043}.Release|Any CPU.Build.0 = Release|Any CPU
	EndGlobalSection
	GlobalSection(SolutionProperties) = preSolution
		HideSolutionNode = FALSE
	EndGlobalSection
	GlobalSection(ExtensibilityGlobals) = postSolution
		SolutionGuid = {9BCA50E9-51CA-40F7-B021-8D88D711393C}
	EndGlobalSection
EndGlobal
